
Microsoft Visual Studio Solution File, Format Version 12.00
# Visual Studio Version 17
VisualStudioVersion = 17.0.31903.59
MinimumVisualStudioVersion = 10.0.40219.1
Project("{FAE04EC0-301F-11D3-BF4B-00C04F79EFBC}") = "SignalRBackend", "Backend\SignalRBackend.csproj", "{75562F59-F7E2-4F68-9A4A-711F3462E699}"
EndProject
Project("{FAE04EC0-301F-11D3-BF4B-00C04F79EFBC}") = "SignalRReceiver", "Receiver\SignalRReceiver.csproj", "{A7351CDF-8ADD-44C6-BD25-EB5E5C489D42}"
EndProject
Global
	GlobalSection(SolutionConfigurationPlatforms) = preSolution
		Debug|Any CPU = Debug|Any CPU
		Release|Any CPU = Release|Any CPU
	EndGlobalSection
	GlobalSection(SolutionProperties) = preSolution
		HideSolutionNode = FALSE
	EndGlobalSection
	GlobalSection(ProjectConfigurationPlatforms) = postSolution
		{75562F59-F7E2-4F68-9A4A-711F3462E699}.Debug|Any CPU.ActiveCfg = Debug|Any CPU
		{75562F59-F7E2-4F68-9A4A-711F3462E699}.Debug|Any CPU.Build.0 = Debug|Any CPU
		{75562F59-F7E2-4F68-9A4A-711F3462E699}.Release|Any CPU.ActiveCfg = Release|Any CPU
		{75562F59-F7E2-4F68-9A4A-711F3462E699}.Release|Any CPU.Build.0 = Release|Any CPU
		{A7351CDF-8ADD-44C6-BD25-EB5E5C489D42}.Debug|Any CPU.ActiveCfg = Debug|Any CPU
		{A7351CDF-8ADD-44C6-BD25-EB5E5C489D42}.Debug|Any CPU.Build.0 = Debug|Any CPU
		{A7351CDF-8ADD-44C6-BD25-EB5E5C489D42}.Release|Any CPU.ActiveCfg = Release|Any CPU
		{A7351CDF-8ADD-44C6-BD25-EB5E5C489D42}.Release|Any CPU.Build.0 = Release|Any CPU
	EndGlobalSection
EndGlobal
